
Microsoft Visual Studio Solution File, Format Version 12.00
# Visual Studio Version 16
VisualStudioVersion = 16.0.30413.136
MinimumVisualStudioVersion = 10.0.40219.1
Project("{FAE04EC0-301F-11D3-BF4B-00C04F79EFBC}") = "Kursovaya", "Kursovaya\Kursovaya.csproj", "{7DF412B9-E984-4EDE-B56B-56C4C1B7A72C}"
EndProject
Global
	GlobalSection(SolutionConfigurationPlatforms) = preSolution
		Debug|Any CPU = Debug|Any CPU
		Release|Any CPU = Release|Any CPU
	EndGlobalSection
	GlobalSection(ProjectConfigurationPlatforms) = postSolution
		{7DF412B9-E984-4EDE-B56B-56C4C1B7A72C}.Debug|Any CPU.ActiveCfg = Debug|Any CPU
		{7DF412B9-E984-4EDE-B56B-56C4C1B7A72C}.Debug|Any CPU.Build.0 = Debug|Any CPU
		{7DF412B9-E984-4EDE-B56B-56C4C1B7A72C}.Release|Any CPU.ActiveCfg = Release|Any CPU
		{7DF412B9-E984-4EDE-B56B-56C4C1B7A72C}.Release|Any CPU.Build.0 = Release|Any CPU
	EndGlobalSection
	GlobalSection(SolutionProperties) = preSolution
		HideSolutionNode = FALSE
	EndGlobalSection
	GlobalSection(ExtensibilityGlobals) = postSolution
		SolutionGuid = {BC6B4CB4-030F-44A4-B8B5-BCDCC5D734B0}
	EndGlobalSection
EndGlobal
